
Microsoft Visual Studio Solution File, Format Version 12.00
# Visual Studio Version 16
VisualStudioVersion = 16.0.28803.202
MinimumVisualStudioVersion = 10.0.40219.1
Project("{FAE04EC0-301F-11D3-BF4B-00C04F79EFBC}") = "Game1", "Game1.csproj", "{79F5B55E-5D3C-42A5-9CC7-C78EEBE8511A}"
EndProject
Global
	GlobalSection(SolutionConfigurationPlatforms) = preSolution
		Debug|Any CPU = Debug|Any CPU
		Release|Any CPU = Release|Any CPU
	EndGlobalSection
	GlobalSection(ProjectConfigurationPlatforms) = postSolution
		{79F5B55E-5D3C-42A5-9CC7-C78EEBE8511A}.Debug|Any CPU.ActiveCfg = Debug|Any CPU
		{79F5B55E-5D3C-42A5-9CC7-C78EEBE8511A}.Debug|Any CPU.Build.0 = Debug|Any CPU
		{79F5B55E-5D3C-42A5-9CC7-C78EEBE8511A}.Release|Any CPU.ActiveCfg = Release|Any CPU
		{79F5B55E-5D3C-42A5-9CC7-C78EEBE8511A}.Release|Any CPU.Build.0 = Release|Any CPU
	EndGlobalSection
	GlobalSection(SolutionProperties) = preSolution
		HideSolutionNode = FALSE
	EndGlobalSection
	GlobalSection(ExtensibilityGlobals) = postSolution
		SolutionGuid = {988AAF70-9C07-42E5-98E1-EEEF18A82D21}
	EndGlobalSection
EndGlobal
